
Microsoft Visual Studio Solution File, Format Version 12.00
# Visual Studio Version 17
VisualStudioVersion = 17.0.31903.59
MinimumVisualStudioVersion = 10.0.40219.1
Project("{FAE04EC0-301F-11D3-BF4B-00C04F79EFBC}") = "ProjektDyplomowy", "ProjektDyplomowy\ProjektDyplomowy.csproj", "{9926F434-0633-4319-AB38-F2C35DFE236D}"
EndProject
Global
	GlobalSection(SolutionConfigurationPlatforms) = preSolution
		Debug|Any CPU = Debug|Any CPU
		Release|Any CPU = Release|Any CPU
	EndGlobalSection
	GlobalSection(ProjectConfigurationPlatforms) = postSolution
		{9926F434-0633-4319-AB38-F2C35DFE236D}.Debug|Any CPU.ActiveCfg = Debug|Any CPU
		{9926F434-0633-4319-AB38-F2C35DFE236D}.Debug|Any CPU.Build.0 = Debug|Any CPU
		{9926F434-0633-4319-AB38-F2C35DFE236D}.Release|Any CPU.ActiveCfg = Release|Any CPU
		{9926F434-0633-4319-AB38-F2C35DFE236D}.Release|Any CPU.Build.0 = Release|Any CPU
	EndGlobalSection
	GlobalSection(SolutionProperties) = preSolution
		HideSolutionNode = FALSE
	EndGlobalSection
	GlobalSection(ExtensibilityGlobals) = postSolution
		SolutionGuid = {FFCCC469-915D-4835-B6C6-16FC2E334FEE}
	EndGlobalSection
EndGlobal
